# This file is automatically @generated by Cargo.
# It is not intended for manual editing.
version = 3

[[package]]
name = "adler"
version = "1.0.2"
source = "registry+https://github.com/rust-lang/crates.io-index"
checksum = "f26201604c87b1e01bd3d98f8d5d9a8fcbb815e8cedb41ffccbeb4bf593a35fe"

[[package]]
name = "adler32"
version = "1.2.0"
source = "registry+https://github.com/rust-lang/crates.io-index"
checksum = "aae1277d39aeec15cb388266ecc24b11c80469deae6067e17a1a7aa9e5c1f234"

[[package]]
name = "anyhow"
version = "1.0.58"
source = "registry+https://github.com/rust-lang/crates.io-index"
checksum = "bb07d2053ccdbe10e2af2995a2f116c1330396493dc1269f6a91d0ae82e19704"

[[package]]
name = "atty"
version = "0.2.14"
source = "registry+https://github.com/rust-lang/crates.io-index"
checksum = "d9b39be18770d11421cdb1b9947a45dd3f37e93092cbf377614828a319d5fee8"
dependencies = [
 "hermit-abi",
 "libc",
 "winapi",
]

[[package]]
name = "autocfg"
version = "1.1.0"
source = "registry+https://github.com/rust-lang/crates.io-index"
checksum = "d468802bab17cbc0cc575e9b053f41e72aa36bfa6b7f55e3529ffa43161b97fa"

[[package]]
name = "bitflags"
version = "1.3.2"
source = "registry+https://github.com/rust-lang/crates.io-index"
checksum = "bef38d45163c2f1dde094a7dfd33ccf595c92905c8f8f4fdc18d06fb1037718a"

[[package]]
name = "bitmatch"
version = "0.1.1"
source = "registry+https://github.com/rust-lang/crates.io-index"
checksum = "6a53e105d41966c9b4594b8e3b7cf8e81ae63cc83664880b049af8a11381a3ad"
dependencies = [
 "boolean_expression",
 "proc-macro2",
 "quote",
 "syn",
]

[[package]]
name = "boolean_expression"
version = "0.3.11"
source = "registry+https://github.com/rust-lang/crates.io-index"
checksum = "7c33ef624481a2d2252fd352266c050e83203343d0884622f7ba09782abbfa83"
dependencies = [
 "itertools",
 "smallvec",
]

[[package]]
name = "bytemuck"
version = "1.9.1"
source = "registry+https://github.com/rust-lang/crates.io-index"
checksum = "cdead85bdec19c194affaeeb670c0e41fe23de31459efd1c174d049269cf02cc"

[[package]]
name = "byteorder"
version = "1.4.3"
source = "registry+https://github.com/rust-lang/crates.io-index"
checksum = "14c189c53d098945499cdfa7ecc63567cf3886b3332b312a5b4585d8d3a6a610"

[[package]]
name = "cc"
version = "1.0.73"
source = "registry+https://github.com/rust-lang/crates.io-index"
checksum = "2fff2a6927b3bb87f9595d67196a70493f627687a71d87a0d692242c33f58c11"

[[package]]
name = "cfg-if"
version = "1.0.0"
source = "registry+https://github.com/rust-lang/crates.io-index"
checksum = "baf1de4339761588bc0619e3cbc0120ee582ebb74b53b4efbf79117bd2da40fd"

[[package]]
name = "clap"
version = "3.2.6"
source = "registry+https://github.com/rust-lang/crates.io-index"
checksum = "9f1fe12880bae935d142c8702d500c63a4e8634b6c3c57ad72bf978fc7b6249a"
dependencies = [
 "atty",
 "bitflags",
 "clap_lex",
 "indexmap",
 "once_cell",
 "strsim",
 "termcolor",
 "textwrap",
]

[[package]]
name = "clap_lex"
version = "0.2.3"
source = "registry+https://github.com/rust-lang/crates.io-index"
checksum = "87eba3c8c7f42ef17f6c659fc7416d0f4758cd3e58861ee63c5fa4a4dde649e4"
dependencies = [
 "os_str_bytes",
]

[[package]]
name = "cmake"
version = "0.1.48"
source = "registry+https://github.com/rust-lang/crates.io-index"
checksum = "e8ad8cef104ac57b68b89df3208164d228503abbdce70f6880ffa3d970e7443a"
dependencies = [
 "cc",
]

[[package]]
name = "color_quant"
version = "1.1.0"
source = "registry+https://github.com/rust-lang/crates.io-index"
checksum = "3d7b894f5411737b7867f4827955924d7c254fc9f4d91a6aad6b097804b1018b"

[[package]]
name = "crc32fast"
version = "1.3.2"
source = "registry+https://github.com/rust-lang/crates.io-index"
checksum = "b540bd8bc810d3885c6ea91e2018302f68baba2129ab3e88f32389ee9370880d"
dependencies = [
 "cfg-if",
]

[[package]]
name = "deflate"
version = "1.0.0"
source = "registry+https://github.com/rust-lang/crates.io-index"
checksum = "c86f7e25f518f4b81808a2cf1c50996a61f5c2eb394b2393bd87f2a4780a432f"
dependencies = [
 "adler32",
]

[[package]]
name = "either"
version = "1.6.1"
source = "registry+https://github.com/rust-lang/crates.io-index"
checksum = "e78d4f1cc4ae33bbfc157ed5d5a5ef3bc29227303d595861deb238fcec4e9457"

[[package]]
name = "hashbrown"
version = "0.12.1"
source = "registry+https://github.com/rust-lang/crates.io-index"
checksum = "db0d4cf898abf0081f964436dc980e96670a0f36863e4b83aaacdb65c9d7ccc3"

[[package]]
name = "heck"
version = "0.4.0"
source = "registry+https://github.com/rust-lang/crates.io-index"
checksum = "2540771e65fc8cb83cd6e8a237f70c319bd5c29f78ed1084ba5d50eeac86f7f9"

[[package]]
name = "hermit-abi"
version = "0.1.19"
source = "registry+https://github.com/rust-lang/crates.io-index"
checksum = "62b467343b94ba476dcb2500d242dadbb39557df889310ac77c5d99100aaac33"
dependencies = [
 "libc",
]

[[package]]
name = "image"
version = "0.24.2"
source = "registry+https://github.com/rust-lang/crates.io-index"
checksum = "28edd9d7bc256be2502e325ac0628bde30b7001b9b52e0abe31a1a9dc2701212"
dependencies = [
 "bytemuck",
 "byteorder",
 "color_quant",
 "num-iter",
 "num-rational",
 "num-traits",
 "png",
]

[[package]]
name = "indexmap"
version = "1.9.1"
source = "registry+https://github.com/rust-lang/crates.io-index"
checksum = "10a35a97730320ffe8e2d410b5d3b69279b98d2c14bdb8b70ea89ecf7888d41e"
dependencies = [
 "autocfg",
 "hashbrown",
]

[[package]]
name = "intbits"
version = "0.2.0"
source = "registry+https://github.com/rust-lang/crates.io-index"
checksum = "5170c2c8ecda29c1bccb9d95ccbe107bc75fa084dc0c9c6087e719f9d46330e5"

[[package]]
name = "itertools"
version = "0.9.0"
source = "registry+https://github.com/rust-lang/crates.io-index"
checksum = "284f18f85651fe11e8a991b2adb42cb078325c996ed026d994719efcfca1d54b"
dependencies = [
 "either",
]

[[package]]
name = "lazy_static"
version = "1.4.0"
source = "registry+https://github.com/rust-lang/crates.io-index"
checksum = "e2abad23fbc42b3700f2f279844dc832adb2b2eb069b2df918f455c4e18cc646"

[[package]]
name = "libc"
version = "0.2.126"
source = "registry+https://github.com/rust-lang/crates.io-index"
checksum = "349d5a591cd28b49e1d1037471617a32ddcda5731b99419008085f72d5a53836"

[[package]]
name = "libmemetendo"
version = "0.1.0"
dependencies = [
 "bitmatch",
 "image",
 "intbits",
 "once_cell",
 "strum",
 "strum_macros",
 "tinyvec",
]

[[package]]
name = "memetendo-unsafe-boy-advance"
version = "0.1.0"
dependencies = [
 "anyhow",
 "clap",
 "libmemetendo",
 "sdl2",
]

[[package]]
name = "miniz_oxide"
version = "0.5.3"
source = "registry+https://github.com/rust-lang/crates.io-index"
checksum = "6f5c75688da582b8ffc1f1799e9db273f32133c49e048f614d22ec3256773ccc"
dependencies = [
 "adler",
]

[[package]]
name = "num-integer"
version = "0.1.45"
source = "registry+https://github.com/rust-lang/crates.io-index"
checksum = "225d3389fb3509a24c93f5c29eb6bde2586b98d9f016636dff58d7c6f7569cd9"
dependencies = [
 "autocfg",
 "num-traits",
]

[[package]]
name = "num-iter"
version = "0.1.43"
source = "registry+https://github.com/rust-lang/crates.io-index"
checksum = "7d03e6c028c5dc5cac6e2dec0efda81fc887605bb3d884578bb6d6bf7514e252"
dependencies = [
 "autocfg",
 "num-integer",
 "num-traits",
]

[[package]]
name = "num-rational"
version = "0.4.1"
source = "registry+https://github.com/rust-lang/crates.io-index"
checksum = "0638a1c9d0a3c0914158145bc76cff373a75a627e6ecbfb71cbe6f453a5a19b0"
dependencies = [
 "autocfg",
 "num-integer",
 "num-traits",
]

[[package]]
name = "num-traits"
version = "0.2.15"
source = "registry+https://github.com/rust-lang/crates.io-index"
checksum = "578ede34cf02f8924ab9447f50c28075b4d3e5b269972345e7e0372b38c6cdcd"
dependencies = [
 "autocfg",
]

[[package]]
name = "once_cell"
version = "1.12.0"
source = "registry+https://github.com/rust-lang/crates.io-index"
checksum = "7709cef83f0c1f58f666e746a08b21e0085f7440fa6a29cc194d68aac97a4225"

[[package]]
name = "os_str_bytes"
version = "6.1.0"
source = "registry+https://github.com/rust-lang/crates.io-index"
checksum = "21326818e99cfe6ce1e524c2a805c189a99b5ae555a35d19f9a284b427d86afa"

[[package]]
name = "png"
version = "0.17.5"
source = "registry+https://github.com/rust-lang/crates.io-index"
checksum = "dc38c0ad57efb786dd57b9864e5b18bae478c00c824dc55a38bbc9da95dde3ba"
dependencies = [
 "bitflags",
 "crc32fast",
 "deflate",
 "miniz_oxide",
]

[[package]]
name = "proc-macro2"
version = "1.0.40"
source = "registry+https://github.com/rust-lang/crates.io-index"
checksum = "dd96a1e8ed2596c337f8eae5f24924ec83f5ad5ab21ea8e455d3566c69fbcaf7"
dependencies = [
 "unicode-ident",
]

[[package]]
name = "quote"
version = "1.0.20"
source = "registry+https://github.com/rust-lang/crates.io-index"
checksum = "3bcdf212e9776fbcb2d23ab029360416bb1706b1aea2d1a5ba002727cbcab804"
dependencies = [
 "proc-macro2",
]

[[package]]
name = "rustversion"
version = "1.0.7"
source = "registry+https://github.com/rust-lang/crates.io-index"
checksum = "a0a5f7c728f5d284929a1cccb5bc19884422bfe6ef4d6c409da2c41838983fcf"

[[package]]
name = "sdl2"
version = "0.35.2"
source = "registry+https://github.com/rust-lang/crates.io-index"
checksum = "f7959277b623f1fb9e04aea73686c3ca52f01b2145f8ea16f4ff30d8b7623b1a"
dependencies = [
 "bitflags",
 "lazy_static",
 "libc",
 "sdl2-sys",
]

[[package]]
name = "sdl2-sys"
version = "0.35.2"
source = "registry+https://github.com/rust-lang/crates.io-index"
checksum = "e3586be2cf6c0a8099a79a12b4084357aa9b3e0b0d7980e3b67aaf7a9d55f9f0"
dependencies = [
 "cfg-if",
 "cmake",
 "libc",
 "version-compare",
]

[[package]]
name = "smallvec"
version = "1.8.1"
source = "registry+https://github.com/rust-lang/crates.io-index"
checksum = "cc88c725d61fc6c3132893370cac4a0200e3fedf5da8331c570664b1987f5ca2"

[[package]]
name = "strsim"
version = "0.10.0"
source = "registry+https://github.com/rust-lang/crates.io-index"
checksum = "73473c0e59e6d5812c5dfe2a064a6444949f089e20eec9a2e5506596494e4623"

[[package]]
name = "strum"
version = "0.24.1"
source = "registry+https://github.com/rust-lang/crates.io-index"
checksum = "063e6045c0e62079840579a7e47a355ae92f60eb74daaf156fb1e84ba164e63f"

[[package]]
name = "strum_macros"
version = "0.24.2"
source = "registry+https://github.com/rust-lang/crates.io-index"
checksum = "4faebde00e8ff94316c01800f9054fd2ba77d30d9e922541913051d1d978918b"
dependencies = [
 "heck",
 "proc-macro2",
 "quote",
 "rustversion",
 "syn",
]

[[package]]
name = "syn"
version = "1.0.98"
source = "registry+https://github.com/rust-lang/crates.io-index"
checksum = "c50aef8a904de4c23c788f104b7dddc7d6f79c647c7c8ce4cc8f73eb0ca773dd"
dependencies = [
 "proc-macro2",
 "quote",
 "unicode-ident",
]

[[package]]
name = "termcolor"
version = "1.1.3"
source = "registry+https://github.com/rust-lang/crates.io-index"
checksum = "bab24d30b911b2376f3a13cc2cd443142f0c81dda04c118693e35b3835757755"
dependencies = [
 "winapi-util",
]

[[package]]
name = "textwrap"
version = "0.15.0"
source = "registry+https://github.com/rust-lang/crates.io-index"
checksum = "b1141d4d61095b28419e22cb0bbf02755f5e54e0526f97f1e3d1d160e60885fb"

[[package]]
name = "tinyvec"
version = "1.6.0"
source = "registry+https://github.com/rust-lang/crates.io-index"
checksum = "87cc5ceb3875bb20c2890005a4e226a4651264a5c75edb2421b52861a0a0cb50"

[[package]]
name = "unicode-ident"
version = "1.0.1"
source = "registry+https://github.com/rust-lang/crates.io-index"
checksum = "5bd2fe26506023ed7b5e1e315add59d6f584c621d037f9368fea9cfb988f368c"

[[package]]
name = "version-compare"
version = "0.1.0"
source = "registry+https://github.com/rust-lang/crates.io-index"
checksum = "fe88247b92c1df6b6de80ddc290f3976dbdf2f5f5d3fd049a9fb598c6dd5ca73"

[[package]]
name = "winapi"
version = "0.3.9"
source = "registry+https://github.com/rust-lang/crates.io-index"
checksum = "5c839a674fcd7a98952e593242ea400abe93992746761e38641405d28b00f419"
dependencies = [
 "winapi-i686-pc-windows-gnu",
 "winapi-x86_64-pc-windows-gnu",
]

[[package]]
name = "winapi-i686-pc-windows-gnu"
version = "0.4.0"
source = "registry+https://github.com/rust-lang/crates.io-index"
checksum = "ac3b87c63620426dd9b991e5ce0329eff545bccbbb34f3be09ff6fb6ab51b7b6"

[[package]]
name = "winapi-util"
version = "0.1.5"
source = "registry+https://github.com/rust-lang/crates.io-index"
checksum = "70ec6ce85bb158151cae5e5c87f95a8e97d2c0c4b001223f33a334e3ce5de178"
dependencies = [
 "winapi",
]

[[package]]
name = "winapi-x86_64-pc-windows-gnu"
version = "0.4.0"
source = "registry+https://github.com/rust-lang/crates.io-index"
checksum = "712e227841d057c1ee1cd2fb22fa7e5a5461ae8e48fa2ca79ec42cfc1931183f"
